
Microsoft Visual Studio Solution File, Format Version 12.00
# Visual Studio Version 16
VisualStudioVersion = 16.0.30128.74
MinimumVisualStudioVersion = 10.0.40219.1
Project("{9A19103F-16F7-4668-BE54-9A1E7A4F7556}") = "EZSubmitApp", "EZSubmitApp\EZSubmitApp.csproj", "{4ECE6A8E-35FB-426D-B8B3-87B779C684E0}"
EndProject
Project("{9A19103F-16F7-4668-BE54-9A1E7A4F7556}") = "EZSubmitApp.Infrastructure", "EZSubmitApp.Infrastructure\EZSubmitApp.Infrastructure.csproj", "{0AA99B8C-7B79-4A3D-9049-B735259FBB42}"
EndProject
Project("{9A19103F-16F7-4668-BE54-9A1E7A4F7556}") = "EZSubmitApp.Core", "EZSubmitApp.Core\EZSubmitApp.Core.csproj", "{6B94447A-6BCF-4C1C-9D67-D4C8A292C824}"
EndProject
Project("{9A19103F-16F7-4668-BE54-9A1E7A4F7556}") = "DocxConverterService", "DocxConverterService\DocxConverterService.csproj", "{693BF3A4-6552-492B-911D-FC4C1BC69918}"
EndProject
Project("{2150E333-8FDC-42A3-9474-1A3956D46DE8}") = "tests", "tests", "{FC688BD3-ECA6-4EAA-9DCF-64FCB66EDAC4}"
EndProject
Project("{FAE04EC0-301F-11D3-BF4B-00C04F79EFBC}") = "EZSubmitApp.UnitTests", "tests\EZSubmitApp.UnitTests\EZSubmitApp.UnitTests.csproj", "{2328B007-B2F4-4121-8894-6DC824B58CFB}"
EndProject
Global
	GlobalSection(SolutionConfigurationPlatforms) = preSolution
		Debug|Any CPU = Debug|Any CPU
		Release|Any CPU = Release|Any CPU
	EndGlobalSection
	GlobalSection(ProjectConfigurationPlatforms) = postSolution
		{4ECE6A8E-35FB-426D-B8B3-87B779C684E0}.Debug|Any CPU.ActiveCfg = Debug|Any CPU
		{4ECE6A8E-35FB-426D-B8B3-87B779C684E0}.Debug|Any CPU.Build.0 = Debug|Any CPU
		{4ECE6A8E-35FB-426D-B8B3-87B779C684E0}.Release|Any CPU.ActiveCfg = Release|Any CPU
		{4ECE6A8E-35FB-426D-B8B3-87B779C684E0}.Release|Any CPU.Build.0 = Release|Any CPU
		{0AA99B8C-7B79-4A3D-9049-B735259FBB42}.Debug|Any CPU.ActiveCfg = Debug|Any CPU
		{0AA99B8C-7B79-4A3D-9049-B735259FBB42}.Debug|Any CPU.Build.0 = Debug|Any CPU
		{0AA99B8C-7B79-4A3D-9049-B735259FBB42}.Release|Any CPU.ActiveCfg = Release|Any CPU
		{0AA99B8C-7B79-4A3D-9049-B735259FBB42}.Release|Any CPU.Build.0 = Release|Any CPU
		{6B94447A-6BCF-4C1C-9D67-D4C8A292C824}.Debug|Any CPU.ActiveCfg = Debug|Any CPU
		{6B94447A-6BCF-4C1C-9D67-D4C8A292C824}.Debug|Any CPU.Build.0 = Debug|Any CPU
		{6B94447A-6BCF-4C1C-9D67-D4C8A292C824}.Release|Any CPU.ActiveCfg = Release|Any CPU
		{6B94447A-6BCF-4C1C-9D67-D4C8A292C824}.Release|Any CPU.Build.0 = Release|Any CPU
		{693BF3A4-6552-492B-911D-FC4C1BC69918}.Debug|Any CPU.ActiveCfg = Debug|Any CPU
		{693BF3A4-6552-492B-911D-FC4C1BC69918}.Debug|Any CPU.Build.0 = Debug|Any CPU
		{693BF3A4-6552-492B-911D-FC4C1BC69918}.Release|Any CPU.ActiveCfg = Release|Any CPU
		{693BF3A4-6552-492B-911D-FC4C1BC69918}.Release|Any CPU.Build.0 = Release|Any CPU
		{2328B007-B2F4-4121-8894-6DC824B58CFB}.Debug|Any CPU.ActiveCfg = Debug|Any CPU
		{2328B007-B2F4-4121-8894-6DC824B58CFB}.Debug|Any CPU.Build.0 = Debug|Any CPU
		{2328B007-B2F4-4121-8894-6DC824B58CFB}.Release|Any CPU.ActiveCfg = Release|Any CPU
		{2328B007-B2F4-4121-8894-6DC824B58CFB}.Release|Any CPU.Build.0 = Release|Any CPU
	EndGlobalSection
	GlobalSection(SolutionProperties) = preSolution
		HideSolutionNode = FALSE
	EndGlobalSection
	GlobalSection(NestedProjects) = preSolution
		{2328B007-B2F4-4121-8894-6DC824B58CFB} = {FC688BD3-ECA6-4EAA-9DCF-64FCB66EDAC4}
	EndGlobalSection
	GlobalSection(ExtensibilityGlobals) = postSolution
		SolutionGuid = {AFB8627D-3E39-4149-8BEE-645C3A27C331}
	EndGlobalSection
EndGlobal
